// !$*UTF8*$!
{
	archiveVersion = 1;
	classes = {
	};
	objectVersion = 46;
	objects = {

/* Begin PBXBuildFile section */
		4325F4CD16CBA54E002C7B75 /* annDetailButton.png in Resources */ = {isa = PBXBuildFile; fileRef = 4325F4CC16CBA54E002C7B75 /* annDetailButton.png */; };
		4325F4DB16CBA745002C7B75 /* MapViewController.m in Sources */ = {isa = PBXBuildFile; fileRef = 4325F4D916CBA680002C7B75 /* MapViewController.m */; };
		4325F4DC16CBA784002C7B75 /* CustomAnnotationView.m in Sources */ = {isa = PBXBuildFile; fileRef = 4325F4D116CBA57A002C7B75 /* CustomAnnotationView.m */; };
		4325F4DE16CBA7FC002C7B75 /* CustomCalloutView.m in Sources */ = {isa = PBXBuildFile; fileRef = 4325F4CF16CBA57A002C7B75 /* CustomCalloutView.m */; };
		432CC5D516A467E000A50F1D /* UIKit.framework in Frameworks */ = {isa = PBXBuildFile; fileRef = 432CC5D416A467E000A50F1D /* UIKit.framework */; };
		432CC5D716A467E000A50F1D /* Foundation.framework in Frameworks */ = {isa = PBXBuildFile; fileRef = 432CC5D616A467E000A50F1D /* Foundation.framework */; };
		432CC5D916A467E000A50F1D /* CoreGraphics.framework in Frameworks */ = {isa = PBXBuildFile; fileRef = 432CC5D816A467E000A50F1D /* CoreGraphics.framework */; };
		432CC5DF16A467E000A50F1D /* InfoPlist.strings in Resources */ = {isa = PBXBuildFile; fileRef = 432CC5DD16A467E000A50F1D /* InfoPlist.strings */; };
		432CC5E116A467E000A50F1D /* main.m in Sources */ = {isa = PBXBuildFile; fileRef = 432CC5E016A467E000A50F1D /* main.m */; };
		432CC5E516A467E000A50F1D /* AppDelegate.m in Sources */ = {isa = PBXBuildFile; fileRef = 432CC5E416A467E000A50F1D /* AppDelegate.m */; };
		432CC5EE16A467E000A50F1D /* MainStoryboard.storyboard in Resources */ = {isa = PBXBuildFile; fileRef = 432CC5EC16A467E000A50F1D /* MainStoryboard.storyboard */; };
		432CC5FE16A4697C00A50F1D /* SASlideMenuStaticStoryboardSegue.m in Sources */ = {isa = PBXBuildFile; fileRef = 432CC5FB16A4697C00A50F1D /* SASlideMenuStaticStoryboardSegue.m */; };
		432CC5FF16A4697C00A50F1D /* SASlideMenuStaticViewController.m in Sources */ = {isa = PBXBuildFile; fileRef = 432CC5FD16A4697C00A50F1D /* SASlideMenuStaticViewController.m */; };
		432CC60216A481FD00A50F1D /* SlideMenu.m in Sources */ = {isa = PBXBuildFile; fileRef = 432CC60116A481FD00A50F1D /* SlideMenu.m */; };
		434CAFAD16D4E0600000CE60 /* zeroCellBackgroundImg.png in Resources */ = {isa = PBXBuildFile; fileRef = 434CAFAB16D4E0600000CE60 /* zeroCellBackgroundImg.png */; };
		434CAFAE16D4E0600000CE60 /* zeroCellBackgroundImg@2x.png in Resources */ = {isa = PBXBuildFile; fileRef = 434CAFAC16D4E0600000CE60 /* zeroCellBackgroundImg@2x.png */; };
		434CAFB116D4F2220000CE60 /* detailsRow.png in Resources */ = {isa = PBXBuildFile; fileRef = 434CAFAF16D4F2220000CE60 /* detailsRow.png */; };
		434CAFB216D4F2220000CE60 /* detailsRow@2x.png in Resources */ = {isa = PBXBuildFile; fileRef = 434CAFB016D4F2220000CE60 /* detailsRow@2x.png */; };
		434CAFB516D500630000CE60 /* detailsLastCellBackground.png in Resources */ = {isa = PBXBuildFile; fileRef = 434CAFB316D500630000CE60 /* detailsLastCellBackground.png */; };
		434CAFB616D500630000CE60 /* detailsLastCellBackground@2x.png in Resources */ = {isa = PBXBuildFile; fileRef = 434CAFB416D500630000CE60 /* detailsLastCellBackground@2x.png */; };
		434CAFB916D507630000CE60 /* detailsDiscountCloud.png in Resources */ = {isa = PBXBuildFile; fileRef = 434CAFB716D507630000CE60 /* detailsDiscountCloud.png */; };
		434CAFBA16D507630000CE60 /* detailsDiscountCloud@2x.png in Resources */ = {isa = PBXBuildFile; fileRef = 434CAFB816D507630000CE60 /* detailsDiscountCloud@2x.png */; };
		434CAFBD16D519A90000CE60 /* detailsAdressPin.png in Resources */ = {isa = PBXBuildFile; fileRef = 434CAFBB16D519A90000CE60 /* detailsAdressPin.png */; };
		434CAFBE16D519A90000CE60 /* detailsAdressPin@2x.png in Resources */ = {isa = PBXBuildFile; fileRef = 434CAFBC16D519A90000CE60 /* detailsAdressPin@2x.png */; };
		434CAFC116D51C9E0000CE60 /* detailsPhoneIcon.png in Resources */ = {isa = PBXBuildFile; fileRef = 434CAFBF16D51C9E0000CE60 /* detailsPhoneIcon.png */; };
		434CAFC216D51C9E0000CE60 /* detailsPhoneIcon@2x.png in Resources */ = {isa = PBXBuildFile; fileRef = 434CAFC016D51C9E0000CE60 /* detailsPhoneIcon@2x.png */; };
		434CAFC516D51F3B0000CE60 /* detailsSitePin.png in Resources */ = {isa = PBXBuildFile; fileRef = 434CAFC316D51F3B0000CE60 /* detailsSitePin.png */; };
		434CAFC616D51F3B0000CE60 /* detailsSitePin@2x.png in Resources */ = {isa = PBXBuildFile; fileRef = 434CAFC416D51F3B0000CE60 /* detailsSitePin@2x.png */; };
		434CAFC916D520510000CE60 /* detailsClockPin.png in Resources */ = {isa = PBXBuildFile; fileRef = 434CAFC716D520500000CE60 /* detailsClockPin.png */; };
		434CAFCA16D520510000CE60 /* detailsClockPin@2x.png in Resources */ = {isa = PBXBuildFile; fileRef = 434CAFC816D520510000CE60 /* detailsClockPin@2x.png */; };
		434CAFD116D52D860000CE60 /* detailsDistanceBackground.png in Resources */ = {isa = PBXBuildFile; fileRef = 434CAFCF16D52D850000CE60 /* detailsDistanceBackground.png */; };
		434CAFD216D52D860000CE60 /* detailsDistanceBackground@2x.png in Resources */ = {isa = PBXBuildFile; fileRef = 434CAFD016D52D860000CE60 /* detailsDistanceBackground@2x.png */; };
		434CAFD616D53D5A0000CE60 /* detailsFooterButtonsPattern.png in Resources */ = {isa = PBXBuildFile; fileRef = 434CAFD416D53D5A0000CE60 /* detailsFooterButtonsPattern.png */; };
		434CAFD716D53D5A0000CE60 /* detailsFooterButtonsPattern@2x.png in Resources */ = {isa = PBXBuildFile; fileRef = 434CAFD516D53D5A0000CE60 /* detailsFooterButtonsPattern@2x.png */; };
		4373562B16CBC0BC00B30B81 /* PlaceCell.xib in Resources */ = {isa = PBXBuildFile; fileRef = 4373562A16CBC0BC00B30B81 /* PlaceCell.xib */; };
		4373562C16CBC0D700B30B81 /* ListViewController.m in Sources */ = {isa = PBXBuildFile; fileRef = 4373562916CBC0AA00B30B81 /* ListViewController.m */; };
		4373562D16CBC0DC00B30B81 /* PlaceCell.m in Sources */ = {isa = PBXBuildFile; fileRef = 4373562716CBC09F00B30B81 /* PlaceCell.m */; };
		4373562E16CBC0E000B30B81 /* PickerView.m in Sources */ = {isa = PBXBuildFile; fileRef = 4373562516CBC07900B30B81 /* PickerView.m */; };
		901488AC16D7BFDC00B25D72 /* CustomPicker.m in Sources */ = {isa = PBXBuildFile; fileRef = 901488AB16D7AEF200B25D72 /* CustomPicker.m */; };
		9039DE7C16D2D8B300F9A279 /* geoButton.png in Resources */ = {isa = PBXBuildFile; fileRef = 9039DE7A16D2D8B300F9A279 /* geoButton.png */; };
		9039DE7D16D2D8B300F9A279 /* geoButton@2x.png in Resources */ = {isa = PBXBuildFile; fileRef = 9039DE7B16D2D8B300F9A279 /* geoButton@2x.png */; };
		90487C6C16A8433B0090F60E /* MapKit.framework in Frameworks */ = {isa = PBXBuildFile; fileRef = 90487C6B16A8433B0090F60E /* MapKit.framework */; };
		90487C6E16A843460090F60E /* CoreLocation.framework in Frameworks */ = {isa = PBXBuildFile; fileRef = 90487C6D16A843460090F60E /* CoreLocation.framework */; };
		90487C9116A84CD60090F60E /* eatpin.png in Resources */ = {isa = PBXBuildFile; fileRef = 90487C8E16A84CD60090F60E /* eatpin.png */; };
		90487CA816A8531D0090F60E /* Annotation.m in Sources */ = {isa = PBXBuildFile; fileRef = 90487CA716A8531D0090F60E /* Annotation.m */; };
		906800DC16B01CEA0053F50C /* Default-568h@2x.png in Resources */ = {isa = PBXBuildFile; fileRef = 906800D916B01CEA0053F50C /* Default-568h@2x.png */; };
		906800DD16B01CEA0053F50C /* Default.png in Resources */ = {isa = PBXBuildFile; fileRef = 906800DA16B01CEA0053F50C /* Default.png */; };
		906800DE16B01CEA0053F50C /* Default@2x.png in Resources */ = {isa = PBXBuildFile; fileRef = 906800DB16B01CEA0053F50C /* Default@2x.png */; };
		906800E616B034360053F50C /* beautypin.png in Resources */ = {isa = PBXBuildFile; fileRef = 906800E016B034360053F50C /* beautypin.png */; };
		906800E716B034360053F50C /* photopin.png in Resources */ = {isa = PBXBuildFile; fileRef = 906800E116B034360053F50C /* photopin.png */; };
		906800E816B034360053F50C /* rozvagypin.png in Resources */ = {isa = PBXBuildFile; fileRef = 906800E216B034360053F50C /* rozvagypin.png */; };
		906800E916B034360053F50C /* strakhovipin.png in Resources */ = {isa = PBXBuildFile; fileRef = 906800E316B034360053F50C /* strakhovipin.png */; };
		906800EA16B034360053F50C /* technicalpin.png in Resources */ = {isa = PBXBuildFile; fileRef = 906800E416B034360053F50C /* technicalpin.png */; };
		906800EB16B034360053F50C /* travelpin.png in Resources */ = {isa = PBXBuildFile; fileRef = 906800E516B034360053F50C /* travelpin.png */; };
		9068010016B0484F0053F50C /* emptyLeftImage.png in Resources */ = {isa = PBXBuildFile; fileRef = 906800FF16B0484F0053F50C /* emptyLeftImage.png */; };
		90820E6F16CE583500BBD714 /* icons.ttf in Resources */ = {isa = PBXBuildFile; fileRef = 90820E6E16CE583500BBD714 /* icons.ttf */; };
		90820E7116CE92C200BBD714 /* emptyPin.png in Resources */ = {isa = PBXBuildFile; fileRef = 90820E7016CE92C200BBD714 /* emptyPin.png */; };
		90FC62DA16C11B1C00A13912 /* myDetailViewController.m in Sources */ = {isa = PBXBuildFile; fileRef = 90FC62D816C11B1C00A13912 /* myDetailViewController.m */; };
		C034C33616BE539200F714EE /* City.m in Sources */ = {isa = PBXBuildFile; fileRef = C034C33516BE539200F714EE /* City.m */; };
		C034C33916BE689700F714EE /* Category.m in Sources */ = {isa = PBXBuildFile; fileRef = C034C33816BE689700F714EE /* Category.m */; };
		C034C34216BF01B300F714EE /* Contacts.m in Sources */ = {isa = PBXBuildFile; fileRef = C034C34116BF01B300F714EE /* Contacts.m */; };
		C08BB5EA16CA83B8004F48B0 /* menuBackground.png in Resources */ = {isa = PBXBuildFile; fileRef = C08BB5E916CA83B8004F48B0 /* menuBackground.png */; };
		C096279F16B557A00030988C /* CoreData.framework in Frameworks */ = {isa = PBXBuildFile; fileRef = C096279D16B557040030988C /* CoreData.framework */; };
		C09627A716B679A20030988C /* SettingsViewController.m in Sources */ = {isa = PBXBuildFile; fileRef = C09627A616B679A20030988C /* SettingsViewController.m */; };
		C09627AA16B680650030988C /* Model.xcdatamodeld in Sources */ = {isa = PBXBuildFile; fileRef = C09627A816B680650030988C /* Model.xcdatamodeld */; };
		C0A9EB5416CEC9A600DE9FC5 /* navigationBar.png in Resources */ = {isa = PBXBuildFile; fileRef = C0A9EB5316CEC9A600DE9FC5 /* navigationBar.png */; };
		C0A9EB5816D35A0300DE9FC5 /* DetailsViewController.m in Sources */ = {isa = PBXBuildFile; fileRef = C0A9EB5716D35A0300DE9FC5 /* DetailsViewController.m */; };
		C0A9EB6716D39BE800DE9FC5 /* menu1.png in Resources */ = {isa = PBXBuildFile; fileRef = C0A9EB6516D39BE800DE9FC5 /* menu1.png */; };
		C0A9EB6816D39BE800DE9FC5 /* menuicon1.png in Resources */ = {isa = PBXBuildFile; fileRef = C0A9EB6616D39BE800DE9FC5 /* menuicon1.png */; };
		C0A9EB6A16D3A52200DE9FC5 /* QuartzCore.framework in Frameworks */ = {isa = PBXBuildFile; fileRef = C0A9EB6916D3A52200DE9FC5 /* QuartzCore.framework */; };
		C0A9EB6E16D3BAA400DE9FC5 /* menuIconMap@2x.png in Resources */ = {isa = PBXBuildFile; fileRef = C0A9EB6C16D3BAA400DE9FC5 /* menuIconMap@2x.png */; };
		C0A9EB7016D3C3C500DE9FC5 /* menuIconMap.png in Resources */ = {isa = PBXBuildFile; fileRef = C0A9EB6F16D3C3C500DE9FC5 /* menuIconMap.png */; };
		C0A9EB7316D3C66C00DE9FC5 /* menuIconMapSelected.png in Resources */ = {isa = PBXBuildFile; fileRef = C0A9EB7116D3C66C00DE9FC5 /* menuIconMapSelected.png */; };
		C0A9EB7416D3C66C00DE9FC5 /* menuIconMapSelected@2x.png in Resources */ = {isa = PBXBuildFile; fileRef = C0A9EB7216D3C66C00DE9FC5 /* menuIconMapSelected@2x.png */; };
		C0A9EB7A16D3E67800DE9FC5 /* emptyPin@2x.png in Resources */ = {isa = PBXBuildFile; fileRef = C0A9EB7916D3E67800DE9FC5 /* emptyPin@2x.png */; };
		C0A9EB7F16D3EF7D00DE9FC5 /* menuIconList.png in Resources */ = {isa = PBXBuildFile; fileRef = C0A9EB7B16D3EF7D00DE9FC5 /* menuIconList.png */; };
		C0A9EB8016D3EF7D00DE9FC5 /* menuIconList@2x.png in Resources */ = {isa = PBXBuildFile; fileRef = C0A9EB7C16D3EF7D00DE9FC5 /* menuIconList@2x.png */; };
		C0A9EB8116D3EF7D00DE9FC5 /* menuIconListSelected.png in Resources */ = {isa = PBXBuildFile; fileRef = C0A9EB7D16D3EF7D00DE9FC5 /* menuIconListSelected.png */; };
		C0A9EB8216D3EF7D00DE9FC5 /* menuIconListSelected@2x.png in Resources */ = {isa = PBXBuildFile; fileRef = C0A9EB7E16D3EF7D00DE9FC5 /* menuIconListSelected@2x.png */; };
		C0A9EB8716D4012C00DE9FC5 /* menuIconFavorites.png in Resources */ = {isa = PBXBuildFile; fileRef = C0A9EB8316D4012C00DE9FC5 /* menuIconFavorites.png */; };
		C0A9EB8816D4012C00DE9FC5 /* menuIconFavorites@2x.png in Resources */ = {isa = PBXBuildFile; fileRef = C0A9EB8416D4012C00DE9FC5 /* menuIconFavorites@2x.png */; };
		C0A9EB8916D4012C00DE9FC5 /* menuIconFavoritesSelected.png in Resources */ = {isa = PBXBuildFile; fileRef = C0A9EB8516D4012C00DE9FC5 /* menuIconFavoritesSelected.png */; };
		C0A9EB8A16D4012C00DE9FC5 /* menuIconFavoritesSelected@2x.png in Resources */ = {isa = PBXBuildFile; fileRef = C0A9EB8616D4012C00DE9FC5 /* menuIconFavoritesSelected@2x.png */; };
		C0A9EB8F16D403B400DE9FC5 /* menuIconNews.png in Resources */ = {isa = PBXBuildFile; fileRef = C0A9EB8B16D403B400DE9FC5 /* menuIconNews.png */; };
		C0A9EB9016D403B400DE9FC5 /* menuIconNews@2x.png in Resources */ = {isa = PBXBuildFile; fileRef = C0A9EB8C16D403B400DE9FC5 /* menuIconNews@2x.png */; };
		C0A9EB9116D403B400DE9FC5 /* menuIconNewsSelected.png in Resources */ = {isa = PBXBuildFile; fileRef = C0A9EB8D16D403B400DE9FC5 /* menuIconNewsSelected.png */; };
		C0A9EB9216D403B400DE9FC5 /* menuIconNewsSelected@2x.png in Resources */ = {isa = PBXBuildFile; fileRef = C0A9EB8E16D403B400DE9FC5 /* menuIconNewsSelected@2x.png */; };
		C0A9EB9716D406AA00DE9FC5 /* menuIconSettings.png in Resources */ = {isa = PBXBuildFile; fileRef = C0A9EB9316D406AA00DE9FC5 /* menuIconSettings.png */; };
		C0A9EB9816D406AA00DE9FC5 /* menuIconSettings@2x.png in Resources */ = {isa = PBXBuildFile; fileRef = C0A9EB9416D406AA00DE9FC5 /* menuIconSettings@2x.png */; };
		C0A9EB9916D406AA00DE9FC5 /* menuIconSettingsSelected.png in Resources */ = {isa = PBXBuildFile; fileRef = C0A9EB9516D406AA00DE9FC5 /* menuIconSettingsSelected.png */; };
		C0A9EB9A16D406AA00DE9FC5 /* menuIconSettingsSelected@2x.png in Resources */ = {isa = PBXBuildFile; fileRef = C0A9EB9616D406AA00DE9FC5 /* menuIconSettingsSelected@2x.png */; };
		C0A9EB9C16D41A5B00DE9FC5 /* navigationBar@2x.png in Resources */ = {isa = PBXBuildFile; fileRef = C0A9EB9B16D41A5A00DE9FC5 /* navigationBar@2x.png */; };
		C0A9EB9E16D41D0D00DE9FC5 /* menuBackground@2x.png in Resources */ = {isa = PBXBuildFile; fileRef = C0A9EB9D16D41D0D00DE9FC5 /* menuBackground@2x.png */; };
		C0A9EBA116D7905C00DE9FC5 /* DiscountObject.m in Sources */ = {isa = PBXBuildFile; fileRef = C0A9EBA016D7905C00DE9FC5 /* DiscountObject.m */; };
		C0A9EBA616D7A76800DE9FC5 /* favoritesButton.png in Resources */ = {isa = PBXBuildFile; fileRef = C0A9EBA416D7A76800DE9FC5 /* favoritesButton.png */; };
		C0A9EBA716D7A76800DE9FC5 /* favoritesButton@2x.png in Resources */ = {isa = PBXBuildFile; fileRef = C0A9EBA516D7A76800DE9FC5 /* favoritesButton@2x.png */; };
		C0A9EBAE16D7AC5900DE9FC5 /* favoritesButtonHighlited.png in Resources */ = {isa = PBXBuildFile; fileRef = C0A9EBAC16D7AC5800DE9FC5 /* favoritesButtonHighlited.png */; };
		C0A9EBAF16D7AC5900DE9FC5 /* favoritesButtonHighlited@2x.png in Resources */ = {isa = PBXBuildFile; fileRef = C0A9EBAD16D7AC5800DE9FC5 /* favoritesButtonHighlited@2x.png */; };
		C0A9EBB216D7C43A00DE9FC5 /* shareButton.png in Resources */ = {isa = PBXBuildFile; fileRef = C0A9EBB016D7C43900DE9FC5 /* shareButton.png */; };
		C0A9EBB316D7C43A00DE9FC5 /* shareButton@2x.png in Resources */ = {isa = PBXBuildFile; fileRef = C0A9EBB116D7C43A00DE9FC5 /* shareButton@2x.png */; };
		C0AF446716CA8B86008DE50F /* menu1@2x.png in Resources */ = {isa = PBXBuildFile; fileRef = C0AF446616CA8B86008DE50F /* menu1@2x.png */; };
		C0AF446916CA8BAA008DE50F /* menuicon1@2x.png in Resources */ = {isa = PBXBuildFile; fileRef = C0AF446816CA8BAA008DE50F /* menuicon1@2x.png */; };
		C0AF446C16CA8F4D008DE50F /* row.png in Resources */ = {isa = PBXBuildFile; fileRef = C0AF446A16CA8F4D008DE50F /* row.png */; };
		C0AF446D16CA8F4D008DE50F /* row@2x.png in Resources */ = {isa = PBXBuildFile; fileRef = C0AF446B16CA8F4D008DE50F /* row@2x.png */; };
		C0CAE60016C69B92007D010C /* JSONParser.m in Sources */ = {isa = PBXBuildFile; fileRef = C0CAE5FF16C69B92007D010C /* JSONParser.m */; };
/* End PBXBuildFile section */

/* Begin PBXFileReference section */
		4325F4CC16CBA54E002C7B75 /* annDetailButton.png */ = {isa = PBXFileReference; lastKnownFileType = image.png; path = annDetailButton.png; sourceTree = SOURCE_ROOT; };
		4325F4CE16CBA57A002C7B75 /* CustomCalloutView.h */ = {isa = PBXFileReference; lastKnownFileType = sourcecode.c.h; name = CustomCalloutView.h; path = ImageAnnotation/CustomCalloutView.h; sourceTree = SOURCE_ROOT; };
		4325F4CF16CBA57A002C7B75 /* CustomCalloutView.m */ = {isa = PBXFileReference; lastKnownFileType = sourcecode.c.objc; name = CustomCalloutView.m; path = ImageAnnotation/CustomCalloutView.m; sourceTree = SOURCE_ROOT; };
		4325F4D016CBA57A002C7B75 /* CustomAnnotationView.h */ = {isa = PBXFileReference; lastKnownFileType = sourcecode.c.h; name = CustomAnnotationView.h; path = ImageAnnotation/CustomAnnotationView.h; sourceTree = SOURCE_ROOT; };
		4325F4D116CBA57A002C7B75 /* CustomAnnotationView.m */ = {isa = PBXFileReference; lastKnownFileType = sourcecode.c.objc; name = CustomAnnotationView.m; path = ImageAnnotation/CustomAnnotationView.m; sourceTree = SOURCE_ROOT; };
		4325F4D816CBA680002C7B75 /* MapViewController.h */ = {isa = PBXFileReference; lastKnownFileType = sourcecode.c.h; name = MapViewController.h; path = ImageAnnotation/MapViewController.h; sourceTree = SOURCE_ROOT; };
		4325F4D916CBA680002C7B75 /* MapViewController.m */ = {isa = PBXFileReference; lastKnownFileType = sourcecode.c.objc; name = MapViewController.m; path = ImageAnnotation/MapViewController.m; sourceTree = SOURCE_ROOT; };
		432CC5D016A467E000A50F1D /* SoftServeDP.app */ = {isa = PBXFileReference; explicitFileType = wrapper.application; includeInIndex = 0; path = SoftServeDP.app; sourceTree = BUILT_PRODUCTS_DIR; };
		432CC5D416A467E000A50F1D /* UIKit.framework */ = {isa = PBXFileReference; lastKnownFileType = wrapper.framework; name = UIKit.framework; path = System/Library/Frameworks/UIKit.framework; sourceTree = SDKROOT; };
		432CC5D616A467E000A50F1D /* Foundation.framework */ = {isa = PBXFileReference; lastKnownFileType = wrapper.framework; name = Foundation.framework; path = System/Library/Frameworks/Foundation.framework; sourceTree = SDKROOT; };
		432CC5D816A467E000A50F1D /* CoreGraphics.framework */ = {isa = PBXFileReference; lastKnownFileType = wrapper.framework; name = CoreGraphics.framework; path = System/Library/Frameworks/CoreGraphics.framework; sourceTree = SDKROOT; };
		432CC5DC16A467E000A50F1D /* SoftServeDP-Info.plist */ = {isa = PBXFileReference; lastKnownFileType = text.plist.xml; path = "SoftServeDP-Info.plist"; sourceTree = "<group>"; };
		432CC5DE16A467E000A50F1D /* en */ = {isa = PBXFileReference; lastKnownFileType = text.plist.strings; name = en; path = en.lproj/InfoPlist.strings; sourceTree = "<group>"; };
		432CC5E016A467E000A50F1D /* main.m */ = {isa = PBXFileReference; lastKnownFileType = sourcecode.c.objc; path = main.m; sourceTree = "<group>"; };
		432CC5E216A467E000A50F1D /* SoftServeDP-Prefix.pch */ = {isa = PBXFileReference; lastKnownFileType = sourcecode.c.h; path = "SoftServeDP-Prefix.pch"; sourceTree = "<group>"; };
		432CC5E316A467E000A50F1D /* AppDelegate.h */ = {isa = PBXFileReference; lastKnownFileType = sourcecode.c.h; path = AppDelegate.h; sourceTree = "<group>"; };
		432CC5E416A467E000A50F1D /* AppDelegate.m */ = {isa = PBXFileReference; lastKnownFileType = sourcecode.c.objc; path = AppDelegate.m; sourceTree = "<group>"; };
		432CC5ED16A467E000A50F1D /* en */ = {isa = PBXFileReference; lastKnownFileType = file.storyboard; name = en; path = en.lproj/MainStoryboard.storyboard; sourceTree = "<group>"; };
		432CC5F816A4697C00A50F1D /* SASlideMenuDataSource.h */ = {isa = PBXFileReference; fileEncoding = 4; lastKnownFileType = sourcecode.c.h; name = SASlideMenuDataSource.h; path = SASlideMenu/SASlideMenuDataSource.h; sourceTree = "<group>"; };
		432CC5FA16A4697C00A50F1D /* SASlideMenuStaticStoryboardSegue.h */ = {isa = PBXFileReference; fileEncoding = 4; lastKnownFileType = sourcecode.c.h; name = SASlideMenuStaticStoryboardSegue.h; path = SASlideMenu/SASlideMenuStaticStoryboardSegue.h; sourceTree = "<group>"; };
		432CC5FB16A4697C00A50F1D /* SASlideMenuStaticStoryboardSegue.m */ = {isa = PBXFileReference; fileEncoding = 4; lastKnownFileType = sourcecode.c.objc; name = SASlideMenuStaticStoryboardSegue.m; path = SASlideMenu/SASlideMenuStaticStoryboardSegue.m; sourceTree = "<group>"; };
		432CC5FC16A4697C00A50F1D /* SASlideMenuStaticViewController.h */ = {isa = PBXFileReference; fileEncoding = 4; lastKnownFileType = sourcecode.c.h; name = SASlideMenuStaticViewController.h; path = SASlideMenu/SASlideMenuStaticViewController.h; sourceTree = "<group>"; };
		432CC5FD16A4697C00A50F1D /* SASlideMenuStaticViewController.m */ = {isa = PBXFileReference; fileEncoding = 4; lastKnownFileType = sourcecode.c.objc; name = SASlideMenuStaticViewController.m; path = SASlideMenu/SASlideMenuStaticViewController.m; sourceTree = "<group>"; };
		432CC60016A481FD00A50F1D /* SlideMenu.h */ = {isa = PBXFileReference; fileEncoding = 4; lastKnownFileType = sourcecode.c.h; name = SlideMenu.h; path = SoftServeDP/SlideMenu.h; sourceTree = "<group>"; };
		432CC60116A481FD00A50F1D /* SlideMenu.m */ = {isa = PBXFileReference; fileEncoding = 4; lastKnownFileType = sourcecode.c.objc; name = SlideMenu.m; path = SoftServeDP/SlideMenu.m; sourceTree = "<group>"; };
		434CAFAB16D4E0600000CE60 /* zeroCellBackgroundImg.png */ = {isa = PBXFileReference; lastKnownFileType = image.png; path = zeroCellBackgroundImg.png; sourceTree = "<group>"; };
		434CAFAC16D4E0600000CE60 /* zeroCellBackgroundImg@2x.png */ = {isa = PBXFileReference; lastKnownFileType = image.png; path = "zeroCellBackgroundImg@2x.png"; sourceTree = "<group>"; };
		434CAFAF16D4F2220000CE60 /* detailsRow.png */ = {isa = PBXFileReference; lastKnownFileType = image.png; path = detailsRow.png; sourceTree = "<group>"; };
		434CAFB016D4F2220000CE60 /* detailsRow@2x.png */ = {isa = PBXFileReference; lastKnownFileType = image.png; path = "detailsRow@2x.png"; sourceTree = "<group>"; };
		434CAFB316D500630000CE60 /* detailsLastCellBackground.png */ = {isa = PBXFileReference; lastKnownFileType = image.png; path = detailsLastCellBackground.png; sourceTree = "<group>"; };
		434CAFB416D500630000CE60 /* detailsLastCellBackground@2x.png */ = {isa = PBXFileReference; lastKnownFileType = image.png; path = "detailsLastCellBackground@2x.png"; sourceTree = "<group>"; };
		434CAFB716D507630000CE60 /* detailsDiscountCloud.png */ = {isa = PBXFileReference; lastKnownFileType = image.png; path = detailsDiscountCloud.png; sourceTree = "<group>"; };
		434CAFB816D507630000CE60 /* detailsDiscountCloud@2x.png */ = {isa = PBXFileReference; lastKnownFileType = image.png; path = "detailsDiscountCloud@2x.png"; sourceTree = "<group>"; };
		434CAFBB16D519A90000CE60 /* detailsAdressPin.png */ = {isa = PBXFileReference; lastKnownFileType = image.png; path = detailsAdressPin.png; sourceTree = "<group>"; };
		434CAFBC16D519A90000CE60 /* detailsAdressPin@2x.png */ = {isa = PBXFileReference; lastKnownFileType = image.png; path = "detailsAdressPin@2x.png"; sourceTree = "<group>"; };
		434CAFBF16D51C9E0000CE60 /* detailsPhoneIcon.png */ = {isa = PBXFileReference; lastKnownFileType = image.png; path = detailsPhoneIcon.png; sourceTree = "<group>"; };
		434CAFC016D51C9E0000CE60 /* detailsPhoneIcon@2x.png */ = {isa = PBXFileReference; lastKnownFileType = image.png; path = "detailsPhoneIcon@2x.png"; sourceTree = "<group>"; };
		434CAFC316D51F3B0000CE60 /* detailsSitePin.png */ = {isa = PBXFileReference; lastKnownFileType = image.png; path = detailsSitePin.png; sourceTree = "<group>"; };
		434CAFC416D51F3B0000CE60 /* detailsSitePin@2x.png */ = {isa = PBXFileReference; lastKnownFileType = image.png; path = "detailsSitePin@2x.png"; sourceTree = "<group>"; };
		434CAFC716D520500000CE60 /* detailsClockPin.png */ = {isa = PBXFileReference; lastKnownFileType = image.png; path = detailsClockPin.png; sourceTree = "<group>"; };
		434CAFC816D520510000CE60 /* detailsClockPin@2x.png */ = {isa = PBXFileReference; lastKnownFileType = image.png; path = "detailsClockPin@2x.png"; sourceTree = "<group>"; };
		434CAFCF16D52D850000CE60 /* detailsDistanceBackground.png */ = {isa = PBXFileReference; lastKnownFileType = image.png; path = detailsDistanceBackground.png; sourceTree = "<group>"; };
		434CAFD016D52D860000CE60 /* detailsDistanceBackground@2x.png */ = {isa = PBXFileReference; lastKnownFileType = image.png; path = "detailsDistanceBackground@2x.png"; sourceTree = "<group>"; };
		434CAFD416D53D5A0000CE60 /* detailsFooterButtonsPattern.png */ = {isa = PBXFileReference; lastKnownFileType = image.png; path = detailsFooterButtonsPattern.png; sourceTree = "<group>"; };
		434CAFD516D53D5A0000CE60 /* detailsFooterButtonsPattern@2x.png */ = {isa = PBXFileReference; lastKnownFileType = image.png; path = "detailsFooterButtonsPattern@2x.png"; sourceTree = "<group>"; };
		4373562416CBC07900B30B81 /* PickerView.h */ = {isa = PBXFileReference; lastKnownFileType = sourcecode.c.h; path = PickerView.h; sourceTree = "<group>"; };
		4373562516CBC07900B30B81 /* PickerView.m */ = {isa = PBXFileReference; lastKnownFileType = sourcecode.c.objc; path = PickerView.m; sourceTree = "<group>"; };
		4373562616CBC09F00B30B81 /* PlaceCell.h */ = {isa = PBXFileReference; lastKnownFileType = sourcecode.c.h; path = PlaceCell.h; sourceTree = "<group>"; };
		4373562716CBC09F00B30B81 /* PlaceCell.m */ = {isa = PBXFileReference; lastKnownFileType = sourcecode.c.objc; path = PlaceCell.m; sourceTree = "<group>"; };
		4373562816CBC0AA00B30B81 /* ListViewController.h */ = {isa = PBXFileReference; lastKnownFileType = sourcecode.c.h; path = ListViewController.h; sourceTree = "<group>"; };
		4373562916CBC0AA00B30B81 /* ListViewController.m */ = {isa = PBXFileReference; lastKnownFileType = sourcecode.c.objc; path = ListViewController.m; sourceTree = "<group>"; };
		4373562A16CBC0BC00B30B81 /* PlaceCell.xib */ = {isa = PBXFileReference; fileEncoding = 4; lastKnownFileType = file.xib; path = PlaceCell.xib; sourceTree = "<group>"; };
		901488AA16D7AEF200B25D72 /* CustomPicker.h */ = {isa = PBXFileReference; lastKnownFileType = sourcecode.c.h; name = CustomPicker.h; path = ImageAnnotation/CustomPicker.h; sourceTree = SOURCE_ROOT; };
		901488AB16D7AEF200B25D72 /* CustomPicker.m */ = {isa = PBXFileReference; lastKnownFileType = sourcecode.c.objc; name = CustomPicker.m; path = ImageAnnotation/CustomPicker.m; sourceTree = SOURCE_ROOT; };
		9039DE7A16D2D8B300F9A279 /* geoButton.png */ = {isa = PBXFileReference; lastKnownFileType = image.png; path = geoButton.png; sourceTree = SOURCE_ROOT; };
		9039DE7B16D2D8B300F9A279 /* geoButton@2x.png */ = {isa = PBXFileReference; lastKnownFileType = image.png; path = "geoButton@2x.png"; sourceTree = SOURCE_ROOT; };
		90487C6B16A8433B0090F60E /* MapKit.framework */ = {isa = PBXFileReference; lastKnownFileType = wrapper.framework; name = MapKit.framework; path = System/Library/Frameworks/MapKit.framework; sourceTree = SDKROOT; };
		90487C6D16A843460090F60E /* CoreLocation.framework */ = {isa = PBXFileReference; lastKnownFileType = wrapper.framework; name = CoreLocation.framework; path = System/Library/Frameworks/CoreLocation.framework; sourceTree = SDKROOT; };
		90487C8E16A84CD60090F60E /* eatpin.png */ = {isa = PBXFileReference; lastKnownFileType = image.png; name = eatpin.png; path = ImageAnnotation/eatpin.png; sourceTree = SOURCE_ROOT; };
		90487CA616A8531D0090F60E /* Annotation.h */ = {isa = PBXFileReference; fileEncoding = 4; lastKnownFileType = sourcecode.c.h; name = Annotation.h; path = ImageAnnotation/Annotation.h; sourceTree = SOURCE_ROOT; };
		90487CA716A8531D0090F60E /* Annotation.m */ = {isa = PBXFileReference; fileEncoding = 4; lastKnownFileType = sourcecode.c.objc; name = Annotation.m; path = ImageAnnotation/Annotation.m; sourceTree = SOURCE_ROOT; };
		906800D916B01CEA0053F50C /* Default-568h@2x.png */ = {isa = PBXFileReference; lastKnownFileType = image.png; path = "Default-568h@2x.png"; sourceTree = "<group>"; };
		906800DA16B01CEA0053F50C /* Default.png */ = {isa = PBXFileReference; lastKnownFileType = image.png; path = Default.png; sourceTree = "<group>"; };
		906800DB16B01CEA0053F50C /* Default@2x.png */ = {isa = PBXFileReference; lastKnownFileType = image.png; path = "Default@2x.png"; sourceTree = "<group>"; };
		906800E016B034360053F50C /* beautypin.png */ = {isa = PBXFileReference; lastKnownFileType = image.png; path = beautypin.png; sourceTree = SOURCE_ROOT; };
		906800E116B034360053F50C /* photopin.png */ = {isa = PBXFileReference; lastKnownFileType = image.png; path = photopin.png; sourceTree = SOURCE_ROOT; };
		906800E216B034360053F50C /* rozvagypin.png */ = {isa = PBXFileReference; lastKnownFileType = image.png; path = rozvagypin.png; sourceTree = SOURCE_ROOT; };
		906800E316B034360053F50C /* strakhovipin.png */ = {isa = PBXFileReference; lastKnownFileType = image.png; path = strakhovipin.png; sourceTree = SOURCE_ROOT; };
		906800E416B034360053F50C /* technicalpin.png */ = {isa = PBXFileReference; lastKnownFileType = image.png; path = technicalpin.png; sourceTree = SOURCE_ROOT; };
		906800E516B034360053F50C /* travelpin.png */ = {isa = PBXFileReference; lastKnownFileType = image.png; path = travelpin.png; sourceTree = SOURCE_ROOT; };
		906800FF16B0484F0053F50C /* emptyLeftImage.png */ = {isa = PBXFileReference; lastKnownFileType = image.png; path = emptyLeftImage.png; sourceTree = SOURCE_ROOT; };
		90820E6E16CE583500BBD714 /* icons.ttf */ = {isa = PBXFileReference; lastKnownFileType = file; path = icons.ttf; sourceTree = "<group>"; };
		90820E7016CE92C200BBD714 /* emptyPin.png */ = {isa = PBXFileReference; lastKnownFileType = image.png; path = emptyPin.png; sourceTree = SOURCE_ROOT; };
		90FC62D816C11B1C00A13912 /* myDetailViewController.m */ = {isa = PBXFileReference; fileEncoding = 4; lastKnownFileType = sourcecode.c.objc; path = myDetailViewController.m; sourceTree = SOURCE_ROOT; };
		90FC62D916C11B1C00A13912 /* myDetailViewController.h */ = {isa = PBXFileReference; fileEncoding = 4; lastKnownFileType = sourcecode.c.h; path = myDetailViewController.h; sourceTree = SOURCE_ROOT; };
		C034C33416BE539200F714EE /* City.h */ = {isa = PBXFileReference; fileEncoding = 4; lastKnownFileType = sourcecode.c.h; path = City.h; sourceTree = "<group>"; };
		C034C33516BE539200F714EE /* City.m */ = {isa = PBXFileReference; fileEncoding = 4; lastKnownFileType = sourcecode.c.objc; path = City.m; sourceTree = "<group>"; };
		C034C33716BE689600F714EE /* Category.h */ = {isa = PBXFileReference; fileEncoding = 4; lastKnownFileType = sourcecode.c.h; path = Category.h; sourceTree = "<group>"; };
		C034C33816BE689700F714EE /* Category.m */ = {isa = PBXFileReference; fileEncoding = 4; lastKnownFileType = sourcecode.c.objc; path = Category.m; sourceTree = "<group>"; };
		C034C34016BF01B300F714EE /* Contacts.h */ = {isa = PBXFileReference; fileEncoding = 4; lastKnownFileType = sourcecode.c.h; path = Contacts.h; sourceTree = "<group>"; };
		C034C34116BF01B300F714EE /* Contacts.m */ = {isa = PBXFileReference; fileEncoding = 4; lastKnownFileType = sourcecode.c.objc; path = Contacts.m; sourceTree = "<group>"; };
		C08BB5E916CA83B8004F48B0 /* menuBackground.png */ = {isa = PBXFileReference; lastKnownFileType = image.png; path = menuBackground.png; sourceTree = "<group>"; };
		C096279D16B557040030988C /* CoreData.framework */ = {isa = PBXFileReference; lastKnownFileType = wrapper.framework; name = CoreData.framework; path = System/Library/Frameworks/CoreData.framework; sourceTree = SDKROOT; };
		C09627A516B679A20030988C /* SettingsViewController.h */ = {isa = PBXFileReference; fileEncoding = 4; lastKnownFileType = sourcecode.c.h; path = SettingsViewController.h; sourceTree = "<group>"; };
		C09627A616B679A20030988C /* SettingsViewController.m */ = {isa = PBXFileReference; fileEncoding = 4; lastKnownFileType = sourcecode.c.objc; path = SettingsViewController.m; sourceTree = "<group>"; };
		C09627A916B680650030988C /* Model.xcdatamodel */ = {isa = PBXFileReference; lastKnownFileType = wrapper.xcdatamodel; path = Model.xcdatamodel; sourceTree = "<group>"; };
		C0A9EB5316CEC9A600DE9FC5 /* navigationBar.png */ = {isa = PBXFileReference; lastKnownFileType = image.png; path = navigationBar.png; sourceTree = "<group>"; };
		C0A9EB5616D35A0300DE9FC5 /* DetailsViewController.h */ = {isa = PBXFileReference; fileEncoding = 4; lastKnownFileType = sourcecode.c.h; path = DetailsViewController.h; sourceTree = SOURCE_ROOT; };
		C0A9EB5716D35A0300DE9FC5 /* DetailsViewController.m */ = {isa = PBXFileReference; fileEncoding = 4; lastKnownFileType = sourcecode.c.objc; path = DetailsViewController.m; sourceTree = SOURCE_ROOT; };
		C0A9EB6516D39BE800DE9FC5 /* menu1.png */ = {isa = PBXFileReference; lastKnownFileType = image.png; path = menu1.png; sourceTree = "<group>"; };
		C0A9EB6616D39BE800DE9FC5 /* menuicon1.png */ = {isa = PBXFileReference; lastKnownFileType = image.png; path = menuicon1.png; sourceTree = "<group>"; };
		C0A9EB6916D3A52200DE9FC5 /* QuartzCore.framework */ = {isa = PBXFileReference; lastKnownFileType = wrapper.framework; name = QuartzCore.framework; path = System/Library/Frameworks/QuartzCore.framework; sourceTree = SDKROOT; };
		C0A9EB6C16D3BAA400DE9FC5 /* menuIconMap@2x.png */ = {isa = PBXFileReference; lastKnownFileType = image.png; path = "menuIconMap@2x.png"; sourceTree = "<group>"; };
		C0A9EB6F16D3C3C500DE9FC5 /* menuIconMap.png */ = {isa = PBXFileReference; lastKnownFileType = image.png; path = menuIconMap.png; sourceTree = "<group>"; };
		C0A9EB7116D3C66C00DE9FC5 /* menuIconMapSelected.png */ = {isa = PBXFileReference; lastKnownFileType = image.png; path = menuIconMapSelected.png; sourceTree = "<group>"; };
		C0A9EB7216D3C66C00DE9FC5 /* menuIconMapSelected@2x.png */ = {isa = PBXFileReference; lastKnownFileType = image.png; path = "menuIconMapSelected@2x.png"; sourceTree = "<group>"; };
		C0A9EB7916D3E67800DE9FC5 /* emptyPin@2x.png */ = {isa = PBXFileReference; lastKnownFileType = image.png; path = "emptyPin@2x.png"; sourceTree = SOURCE_ROOT; };
		C0A9EB7B16D3EF7D00DE9FC5 /* menuIconList.png */ = {isa = PBXFileReference; lastKnownFileType = image.png; path = menuIconList.png; sourceTree = "<group>"; };
		C0A9EB7C16D3EF7D00DE9FC5 /* menuIconList@2x.png */ = {isa = PBXFileReference; lastKnownFileType = image.png; path = "menuIconList@2x.png"; sourceTree = "<group>"; };
		C0A9EB7D16D3EF7D00DE9FC5 /* menuIconListSelected.png */ = {isa = PBXFileReference; lastKnownFileType = image.png; path = menuIconListSelected.png; sourceTree = "<group>"; };
		C0A9EB7E16D3EF7D00DE9FC5 /* menuIconListSelected@2x.png */ = {isa = PBXFileReference; lastKnownFileType = image.png; path = "menuIconListSelected@2x.png"; sourceTree = "<group>"; };
		C0A9EB8316D4012C00DE9FC5 /* menuIconFavorites.png */ = {isa = PBXFileReference; lastKnownFileType = image.png; path = menuIconFavorites.png; sourceTree = "<group>"; };
		C0A9EB8416D4012C00DE9FC5 /* menuIconFavorites@2x.png */ = {isa = PBXFileReference; lastKnownFileType = image.png; path = "menuIconFavorites@2x.png"; sourceTree = "<group>"; };
		C0A9EB8516D4012C00DE9FC5 /* menuIconFavoritesSelected.png */ = {isa = PBXFileReference; lastKnownFileType = image.png; path = menuIconFavoritesSelected.png; sourceTree = "<group>"; };
		C0A9EB8616D4012C00DE9FC5 /* menuIconFavoritesSelected@2x.png */ = {isa = PBXFileReference; lastKnownFileType = image.png; path = "menuIconFavoritesSelected@2x.png"; sourceTree = "<group>"; };
		C0A9EB8B16D403B400DE9FC5 /* menuIconNews.png */ = {isa = PBXFileReference; lastKnownFileType = image.png; path = menuIconNews.png; sourceTree = "<group>"; };
		C0A9EB8C16D403B400DE9FC5 /* menuIconNews@2x.png */ = {isa = PBXFileReference; lastKnownFileType = image.png; path = "menuIconNews@2x.png"; sourceTree = "<group>"; };
		C0A9EB8D16D403B400DE9FC5 /* menuIconNewsSelected.png */ = {isa = PBXFileReference; lastKnownFileType = image.png; path = menuIconNewsSelected.png; sourceTree = "<group>"; };
		C0A9EB8E16D403B400DE9FC5 /* menuIconNewsSelected@2x.png */ = {isa = PBXFileReference; lastKnownFileType = image.png; path = "menuIconNewsSelected@2x.png"; sourceTree = "<group>"; };
		C0A9EB9316D406AA00DE9FC5 /* menuIconSettings.png */ = {isa = PBXFileReference; lastKnownFileType = image.png; path = menuIconSettings.png; sourceTree = "<group>"; };
		C0A9EB9416D406AA00DE9FC5 /* menuIconSettings@2x.png */ = {isa = PBXFileReference; lastKnownFileType = image.png; path = "menuIconSettings@2x.png"; sourceTree = "<group>"; };
		C0A9EB9516D406AA00DE9FC5 /* menuIconSettingsSelected.png */ = {isa = PBXFileReference; lastKnownFileType = image.png; path = menuIconSettingsSelected.png; sourceTree = "<group>"; };
		C0A9EB9616D406AA00DE9FC5 /* menuIconSettingsSelected@2x.png */ = {isa = PBXFileReference; lastKnownFileType = image.png; path = "menuIconSettingsSelected@2x.png"; sourceTree = "<group>"; };
		C0A9EB9B16D41A5A00DE9FC5 /* navigationBar@2x.png */ = {isa = PBXFileReference; lastKnownFileType = image.png; path = "navigationBar@2x.png"; sourceTree = "<group>"; };
		C0A9EB9D16D41D0D00DE9FC5 /* menuBackground@2x.png */ = {isa = PBXFileReference; lastKnownFileType = image.png; path = "menuBackground@2x.png"; sourceTree = "<group>"; };
		C0A9EB9F16D7905C00DE9FC5 /* DiscountObject.h */ = {isa = PBXFileReference; fileEncoding = 4; lastKnownFileType = sourcecode.c.h; path = DiscountObject.h; sourceTree = "<group>"; };
		C0A9EBA016D7905C00DE9FC5 /* DiscountObject.m */ = {isa = PBXFileReference; fileEncoding = 4; lastKnownFileType = sourcecode.c.objc; path = DiscountObject.m; sourceTree = "<group>"; };
		C0A9EBA416D7A76800DE9FC5 /* favoritesButton.png */ = {isa = PBXFileReference; lastKnownFileType = image.png; path = favoritesButton.png; sourceTree = "<group>"; };
		C0A9EBA516D7A76800DE9FC5 /* favoritesButton@2x.png */ = {isa = PBXFileReference; lastKnownFileType = image.png; path = "favoritesButton@2x.png"; sourceTree = "<group>"; };
		C0A9EBAC16D7AC5800DE9FC5 /* favoritesButtonHighlited.png */ = {isa = PBXFileReference; lastKnownFileType = image.png; path = favoritesButtonHighlited.png; sourceTree = "<group>"; };
		C0A9EBAD16D7AC5800DE9FC5 /* favoritesButtonHighlited@2x.png */ = {isa = PBXFileReference; lastKnownFileType = image.png; path = "favoritesButtonHighlited@2x.png"; sourceTree = "<group>"; };
		C0A9EBB016D7C43900DE9FC5 /* shareButton.png */ = {isa = PBXFileReference; lastKnownFileType = image.png; path = shareButton.png; sourceTree = "<group>"; };
		C0A9EBB116D7C43A00DE9FC5 /* shareButton@2x.png */ = {isa = PBXFileReference; lastKnownFileType = image.png; path = "shareButton@2x.png"; sourceTree = "<group>"; };
		C0AF446616CA8B86008DE50F /* menu1@2x.png */ = {isa = PBXFileReference; lastKnownFileType = image.png; path = "menu1@2x.png"; sourceTree = "<group>"; };
		C0AF446816CA8BAA008DE50F /* menuicon1@2x.png */ = {isa = PBXFileReference; lastKnownFileType = image.png; path = "menuicon1@2x.png"; sourceTree = "<group>"; };
		C0AF446A16CA8F4D008DE50F /* row.png */ = {isa = PBXFileReference; lastKnownFileType = image.png; path = row.png; sourceTree = "<group>"; };
		C0AF446B16CA8F4D008DE50F /* row@2x.png */ = {isa = PBXFileReference; lastKnownFileType = image.png; path = "row@2x.png"; sourceTree = "<group>"; };
		C0CAE5FE16C69B92007D010C /* JSONParser.h */ = {isa = PBXFileReference; fileEncoding = 4; lastKnownFileType = sourcecode.c.h; path = JSONParser.h; sourceTree = "<group>"; };
		C0CAE5FF16C69B92007D010C /* JSONParser.m */ = {isa = PBXFileReference; fileEncoding = 4; lastKnownFileType = sourcecode.c.objc; path = JSONParser.m; sourceTree = "<group>"; };
/* End PBXFileReference section */

/* Begin PBXFrameworksBuildPhase section */
		432CC5CD16A467E000A50F1D /* Frameworks */ = {
			isa = PBXFrameworksBuildPhase;
			buildActionMask = 2147483647;
			files = (
				C0A9EB6A16D3A52200DE9FC5 /* QuartzCore.framework in Frameworks */,
				C096279F16B557A00030988C /* CoreData.framework in Frameworks */,
				90487C6E16A843460090F60E /* CoreLocation.framework in Frameworks */,
				90487C6C16A8433B0090F60E /* MapKit.framework in Frameworks */,
				432CC5D516A467E000A50F1D /* UIKit.framework in Frameworks */,
				432CC5D716A467E000A50F1D /* Foundation.framework in Frameworks */,
				432CC5D916A467E000A50F1D /* CoreGraphics.framework in Frameworks */,
			);
			runOnlyForDeploymentPostprocessing = 0;
		};
/* End PBXFrameworksBuildPhase section */

/* Begin PBXGroup section */
		4325F4DF16CBA8F4002C7B75 /* list */ = {
			isa = PBXGroup;
			children = (
				4373562816CBC0AA00B30B81 /* ListViewController.h */,
				4373562916CBC0AA00B30B81 /* ListViewController.m */,
				4373562616CBC09F00B30B81 /* PlaceCell.h */,
				4373562716CBC09F00B30B81 /* PlaceCell.m */,
				4373562A16CBC0BC00B30B81 /* PlaceCell.xib */,
				4373562416CBC07900B30B81 /* PickerView.h */,
				4373562516CBC07900B30B81 /* PickerView.m */,
			);
			name = list;
			sourceTree = "<group>";
		};
		432CC5C516A467E000A50F1D = {
			isa = PBXGroup;
			children = (
				434CAFA416D4D8380000CE60 /* Details */,
				4325F4DF16CBA8F4002C7B75 /* list */,
				C08BB5EB16CA83DA004F48B0 /* SlideMenu */,
				432CC5EC16A467E000A50F1D /* MainStoryboard.storyboard */,
				C08CBB1016B70D1200E0EB0D /* DB */,
				C096279B16B555C90030988C /* SettingsViewController */,
				90487C4716A8407C0090F60E /* ImageAnnotation */,
				432CC5DA16A467E000A50F1D /* Main */,
				432CC5D316A467E000A50F1D /* Frameworks */,
				432CC5D116A467E000A50F1D /* Products */,
			);
			sourceTree = "<group>";
		};
		432CC5D116A467E000A50F1D /* Products */ = {
			isa = PBXGroup;
			children = (
				432CC5D016A467E000A50F1D /* SoftServeDP.app */,
			);
			name = Products;
			sourceTree = "<group>";
		};
		432CC5D316A467E000A50F1D /* Frameworks */ = {
			isa = PBXGroup;
			children = (
				C0A9EB6916D3A52200DE9FC5 /* QuartzCore.framework */,
				C096279D16B557040030988C /* CoreData.framework */,
				90487C6D16A843460090F60E /* CoreLocation.framework */,
				90487C6B16A8433B0090F60E /* MapKit.framework */,
				432CC5D416A467E000A50F1D /* UIKit.framework */,
				432CC5D616A467E000A50F1D /* Foundation.framework */,
				432CC5D816A467E000A50F1D /* CoreGraphics.framework */,
			);
			name = Frameworks;
			sourceTree = "<group>";
		};
		432CC5DA16A467E000A50F1D /* Main */ = {
			isa = PBXGroup;
			children = (
				432CC5E316A467E000A50F1D /* AppDelegate.h */,
				432CC5E416A467E000A50F1D /* AppDelegate.m */,
				432CC5DB16A467E000A50F1D /* Supporting Files */,
			);
			name = Main;
			path = SoftServeDP;
			sourceTree = "<group>";
		};
		432CC5DB16A467E000A50F1D /* Supporting Files */ = {
			isa = PBXGroup;
			children = (
				90820E6E16CE583500BBD714 /* icons.ttf */,
				906800D916B01CEA0053F50C /* Default-568h@2x.png */,
				906800DA16B01CEA0053F50C /* Default.png */,
				906800DB16B01CEA0053F50C /* Default@2x.png */,
				432CC5DC16A467E000A50F1D /* SoftServeDP-Info.plist */,
				432CC5DD16A467E000A50F1D /* InfoPlist.strings */,
				432CC5E016A467E000A50F1D /* main.m */,
				432CC5E216A467E000A50F1D /* SoftServeDP-Prefix.pch */,
			);
			name = "Supporting Files";
			sourceTree = "<group>";
		};
		434CAFA416D4D8380000CE60 /* Details */ = {
			isa = PBXGroup;
			children = (
				434CAFD316D52E360000CE60 /* images */,
				C0A9EB5616D35A0300DE9FC5 /* DetailsViewController.h */,
				C0A9EB5716D35A0300DE9FC5 /* DetailsViewController.m */,
			);
			name = Details;
			sourceTree = "<group>";
		};
		434CAFD316D52E360000CE60 /* images */ = {
			isa = PBXGroup;
			children = (
				C0A9EBB016D7C43900DE9FC5 /* shareButton.png */,
				C0A9EBB116D7C43A00DE9FC5 /* shareButton@2x.png */,
				C0A9EBAC16D7AC5800DE9FC5 /* favoritesButtonHighlited.png */,
				C0A9EBAD16D7AC5800DE9FC5 /* favoritesButtonHighlited@2x.png */,
				C0A9EBA416D7A76800DE9FC5 /* favoritesButton.png */,
				C0A9EBA516D7A76800DE9FC5 /* favoritesButton@2x.png */,
				434CAFD416D53D5A0000CE60 /* detailsFooterButtonsPattern.png */,
				434CAFD516D53D5A0000CE60 /* detailsFooterButtonsPattern@2x.png */,
				434CAFB316D500630000CE60 /* detailsLastCellBackground.png */,
				434CAFB416D500630000CE60 /* detailsLastCellBackground@2x.png */,
				434CAFAF16D4F2220000CE60 /* detailsRow.png */,
				434CAFB016D4F2220000CE60 /* detailsRow@2x.png */,
				434CAFAB16D4E0600000CE60 /* zeroCellBackgroundImg.png */,
				434CAFAC16D4E0600000CE60 /* zeroCellBackgroundImg@2x.png */,
				434CAFCF16D52D850000CE60 /* detailsDistanceBackground.png */,
				434CAFD016D52D860000CE60 /* detailsDistanceBackground@2x.png */,
				434CAFBB16D519A90000CE60 /* detailsAdressPin.png */,
				434CAFBC16D519A90000CE60 /* detailsAdressPin@2x.png */,
				434CAFB716D507630000CE60 /* detailsDiscountCloud.png */,
				434CAFB816D507630000CE60 /* detailsDiscountCloud@2x.png */,
				434CAFBF16D51C9E0000CE60 /* detailsPhoneIcon.png */,
				434CAFC016D51C9E0000CE60 /* detailsPhoneIcon@2x.png */,
				434CAFC316D51F3B0000CE60 /* detailsSitePin.png */,
				434CAFC416D51F3B0000CE60 /* detailsSitePin@2x.png */,
				434CAFC716D520500000CE60 /* detailsClockPin.png */,
				434CAFC816D520510000CE60 /* detailsClockPin@2x.png */,
			);
			name = images;
			sourceTree = "<group>";
		};
		90487C4716A8407C0090F60E /* ImageAnnotation */ = {
			isa = PBXGroup;
			children = (
				90FC62D716C11ACD00A13912 /* DetailView */,
				906800DF16B033EE0053F50C /* Images */,
				90487C4916A8407C0090F60E /* Annotation */,
			);
			name = ImageAnnotation;
			path = ../../ImageAnnotation;
			sourceTree = "<group>";
		};
		90487C4916A8407C0090F60E /* Annotation */ = {
			isa = PBXGroup;
			children = (
				4325F4CE16CBA57A002C7B75 /* CustomCalloutView.h */,
				4325F4CF16CBA57A002C7B75 /* CustomCalloutView.m */,
				4325F4D816CBA680002C7B75 /* MapViewController.h */,
				4325F4D916CBA680002C7B75 /* MapViewController.m */,
				4325F4D016CBA57A002C7B75 /* CustomAnnotationView.h */,
				4325F4D116CBA57A002C7B75 /* CustomAnnotationView.m */,
				90487CA616A8531D0090F60E /* Annotation.h */,
				90487CA716A8531D0090F60E /* Annotation.m */,
				9083FAF816D4DDD900BA3C24 /* myPicker */,
			);
			name = Annotation;
			path = ImageAnnotation;
			sourceTree = "<group>";
		};
		906800DF16B033EE0053F50C /* Images */ = {
			isa = PBXGroup;
			children = (
				9039DE7A16D2D8B300F9A279 /* geoButton.png */,
				9039DE7B16D2D8B300F9A279 /* geoButton@2x.png */,
				90820E7016CE92C200BBD714 /* emptyPin.png */,
				906800FF16B0484F0053F50C /* emptyLeftImage.png */,
				4325F4CC16CBA54E002C7B75 /* annDetailButton.png */,
				906800E016B034360053F50C /* beautypin.png */,
				C0A9EB7916D3E67800DE9FC5 /* emptyPin@2x.png */,
				906800E116B034360053F50C /* photopin.png */,
				906800E216B034360053F50C /* rozvagypin.png */,
				906800E316B034360053F50C /* strakhovipin.png */,
				906800E416B034360053F50C /* technicalpin.png */,
				906800E516B034360053F50C /* travelpin.png */,
				90487C8E16A84CD60090F60E /* eatpin.png */,
			);
			name = Images;
			sourceTree = "<group>";
		};
		9083FAF816D4DDD900BA3C24 /* myPicker */ = {
			isa = PBXGroup;
			children = (
				901488AA16D7AEF200B25D72 /* CustomPicker.h */,
				901488AB16D7AEF200B25D72 /* CustomPicker.m */,
			);
			name = myPicker;
			sourceTree = "<group>";
		};
		90FC62D716C11ACD00A13912 /* DetailView */ = {
			isa = PBXGroup;
			children = (
				90FC62D816C11B1C00A13912 /* myDetailViewController.m */,
				90FC62D916C11B1C00A13912 /* myDetailViewController.h */,
			);
			name = DetailView;
			sourceTree = "<group>";
		};
		C08BB5EB16CA83DA004F48B0 /* SlideMenu */ = {
			isa = PBXGroup;
			children = (
				C0A9EB7516D3D9BE00DE9FC5 /* images */,
				432CC5F816A4697C00A50F1D /* SASlideMenuDataSource.h */,
				432CC5FA16A4697C00A50F1D /* SASlideMenuStaticStoryboardSegue.h */,
				432CC5FB16A4697C00A50F1D /* SASlideMenuStaticStoryboardSegue.m */,
				432CC5FC16A4697C00A50F1D /* SASlideMenuStaticViewController.h */,
				432CC5FD16A4697C00A50F1D /* SASlideMenuStaticViewController.m */,
				432CC60016A481FD00A50F1D /* SlideMenu.h */,
				432CC60116A481FD00A50F1D /* SlideMenu.m */,
			);
			name = SlideMenu;
			sourceTree = "<group>";
		};
		C08CBB1016B70D1200E0EB0D /* DB */ = {
			isa = PBXGroup;
			children = (
				C0CAE5FE16C69B92007D010C /* JSONParser.h */,
				C0CAE5FF16C69B92007D010C /* JSONParser.m */,
				C0A9EB9F16D7905C00DE9FC5 /* DiscountObject.h */,
				C0A9EBA016D7905C00DE9FC5 /* DiscountObject.m */,
				C09627A816B680650030988C /* Model.xcdatamodeld */,
				C034C34016BF01B300F714EE /* Contacts.h */,
				C034C34116BF01B300F714EE /* Contacts.m */,
				C034C33716BE689600F714EE /* Category.h */,
				C034C33816BE689700F714EE /* Category.m */,
				C034C33416BE539200F714EE /* City.h */,
				C034C33516BE539200F714EE /* City.m */,
			);
			name = DB;
			sourceTree = "<group>";
		};
		C096279B16B555C90030988C /* SettingsViewController */ = {
			isa = PBXGroup;
			children = (
				C09627A516B679A20030988C /* SettingsViewController.h */,
				C09627A616B679A20030988C /* SettingsViewController.m */,
			);
			name = SettingsViewController;
			sourceTree = "<group>";
		};
		C0A9EB7516D3D9BE00DE9FC5 /* images */ = {
			isa = PBXGroup;
			children = (
				C0A9EB7B16D3EF7D00DE9FC5 /* menuIconList.png */,
				C0A9EB7C16D3EF7D00DE9FC5 /* menuIconList@2x.png */,
				C0A9EB7D16D3EF7D00DE9FC5 /* menuIconListSelected.png */,
				C0A9EB7E16D3EF7D00DE9FC5 /* menuIconListSelected@2x.png */,
				C0A9EB6F16D3C3C500DE9FC5 /* menuIconMap.png */,
				C0A9EB6C16D3BAA400DE9FC5 /* menuIconMap@2x.png */,
				C0A9EB7116D3C66C00DE9FC5 /* menuIconMapSelected.png */,
				C0A9EB7216D3C66C00DE9FC5 /* menuIconMapSelected@2x.png */,
				C0A9EB8316D4012C00DE9FC5 /* menuIconFavorites.png */,
				C0A9EB8416D4012C00DE9FC5 /* menuIconFavorites@2x.png */,
				C0A9EB8516D4012C00DE9FC5 /* menuIconFavoritesSelected.png */,
				C0A9EB8616D4012C00DE9FC5 /* menuIconFavoritesSelected@2x.png */,
				C0A9EB8B16D403B400DE9FC5 /* menuIconNews.png */,
				C0A9EB8C16D403B400DE9FC5 /* menuIconNews@2x.png */,
				C0A9EB8D16D403B400DE9FC5 /* menuIconNewsSelected.png */,
				C0A9EB8E16D403B400DE9FC5 /* menuIconNewsSelected@2x.png */,
				C0A9EB9316D406AA00DE9FC5 /* menuIconSettings.png */,
				C0A9EB9416D406AA00DE9FC5 /* menuIconSettings@2x.png */,
				C0A9EB9516D406AA00DE9FC5 /* menuIconSettingsSelected.png */,
				C0A9EB9616D406AA00DE9FC5 /* menuIconSettingsSelected@2x.png */,
				C0A9EB6516D39BE800DE9FC5 /* menu1.png */,
				C0AF446616CA8B86008DE50F /* menu1@2x.png */,
				C0A9EB6616D39BE800DE9FC5 /* menuicon1.png */,
				C0AF446816CA8BAA008DE50F /* menuicon1@2x.png */,
				C0A9EB5316CEC9A600DE9FC5 /* navigationBar.png */,
				C0A9EB9B16D41A5A00DE9FC5 /* navigationBar@2x.png */,
				C08BB5E916CA83B8004F48B0 /* menuBackground.png */,
				C0A9EB9D16D41D0D00DE9FC5 /* menuBackground@2x.png */,
				C0AF446A16CA8F4D008DE50F /* row.png */,
				C0AF446B16CA8F4D008DE50F /* row@2x.png */,
			);
			name = images;
			sourceTree = "<group>";
		};
/* End PBXGroup section */

/* Begin PBXNativeTarget section */
		432CC5CF16A467E000A50F1D /* SoftServeDP */ = {
			isa = PBXNativeTarget;
			buildConfigurationList = 432CC5F416A467E000A50F1D /* Build configuration list for PBXNativeTarget "SoftServeDP" */;
			buildPhases = (
				432CC5CC16A467E000A50F1D /* Sources */,
				432CC5CD16A467E000A50F1D /* Frameworks */,
				432CC5CE16A467E000A50F1D /* Resources */,
			);
			buildRules = (
			);
			dependencies = (
			);
			name = SoftServeDP;
			productName = SoftServeDP;
			productReference = 432CC5D016A467E000A50F1D /* SoftServeDP.app */;
			productType = "com.apple.product-type.application";
		};
/* End PBXNativeTarget section */

/* Begin PBXProject section */
		432CC5C716A467E000A50F1D /* Project object */ = {
			isa = PBXProject;
			attributes = {
				LastUpgradeCheck = 0450;
				ORGANIZATIONNAME = Bogdan;
			};
			buildConfigurationList = 432CC5CA16A467E000A50F1D /* Build configuration list for PBXProject "SoftServeDP" */;
			compatibilityVersion = "Xcode 3.2";
			developmentRegion = English;
			hasScannedForEncodings = 0;
			knownRegions = (
				en,
			);
			mainGroup = 432CC5C516A467E000A50F1D;
			productRefGroup = 432CC5D116A467E000A50F1D /* Products */;
			projectDirPath = "";
			projectRoot = "";
			targets = (
				432CC5CF16A467E000A50F1D /* SoftServeDP */,
			);
		};
/* End PBXProject section */

/* Begin PBXResourcesBuildPhase section */
		432CC5CE16A467E000A50F1D /* Resources */ = {
			isa = PBXResourcesBuildPhase;
			buildActionMask = 2147483647;
			files = (
				432CC5DF16A467E000A50F1D /* InfoPlist.strings in Resources */,
				432CC5EE16A467E000A50F1D /* MainStoryboard.storyboard in Resources */,
				90487C9116A84CD60090F60E /* eatpin.png in Resources */,
				906800DC16B01CEA0053F50C /* Default-568h@2x.png in Resources */,
				906800DD16B01CEA0053F50C /* Default.png in Resources */,
				906800DE16B01CEA0053F50C /* Default@2x.png in Resources */,
				906800E616B034360053F50C /* beautypin.png in Resources */,
				906800E716B034360053F50C /* photopin.png in Resources */,
				906800E816B034360053F50C /* rozvagypin.png in Resources */,
				906800E916B034360053F50C /* strakhovipin.png in Resources */,
				906800EA16B034360053F50C /* technicalpin.png in Resources */,
				906800EB16B034360053F50C /* travelpin.png in Resources */,
				9068010016B0484F0053F50C /* emptyLeftImage.png in Resources */,
				C08BB5EA16CA83B8004F48B0 /* menuBackground.png in Resources */,
				C0AF446716CA8B86008DE50F /* menu1@2x.png in Resources */,
				C0AF446916CA8BAA008DE50F /* menuicon1@2x.png in Resources */,
				C0AF446C16CA8F4D008DE50F /* row.png in Resources */,
				C0AF446D16CA8F4D008DE50F /* row@2x.png in Resources */,
				4325F4CD16CBA54E002C7B75 /* annDetailButton.png in Resources */,
				4373562B16CBC0BC00B30B81 /* PlaceCell.xib in Resources */,
				90820E6F16CE583500BBD714 /* icons.ttf in Resources */,
				90820E7116CE92C200BBD714 /* emptyPin.png in Resources */,
				C0A9EB5416CEC9A600DE9FC5 /* navigationBar.png in Resources */,
				9039DE7C16D2D8B300F9A279 /* geoButton.png in Resources */,
				9039DE7D16D2D8B300F9A279 /* geoButton@2x.png in Resources */,
				C0A9EB6716D39BE800DE9FC5 /* menu1.png in Resources */,
				C0A9EB6816D39BE800DE9FC5 /* menuicon1.png in Resources */,
				C0A9EB6E16D3BAA400DE9FC5 /* menuIconMap@2x.png in Resources */,
				C0A9EB7016D3C3C500DE9FC5 /* menuIconMap.png in Resources */,
				C0A9EB7316D3C66C00DE9FC5 /* menuIconMapSelected.png in Resources */,
				C0A9EB7416D3C66C00DE9FC5 /* menuIconMapSelected@2x.png in Resources */,
				C0A9EB7A16D3E67800DE9FC5 /* emptyPin@2x.png in Resources */,
				C0A9EB7F16D3EF7D00DE9FC5 /* menuIconList.png in Resources */,
				C0A9EB8016D3EF7D00DE9FC5 /* menuIconList@2x.png in Resources */,
				C0A9EB8116D3EF7D00DE9FC5 /* menuIconListSelected.png in Resources */,
				C0A9EB8216D3EF7D00DE9FC5 /* menuIconListSelected@2x.png in Resources */,
				C0A9EB8716D4012C00DE9FC5 /* menuIconFavorites.png in Resources */,
				C0A9EB8816D4012C00DE9FC5 /* menuIconFavorites@2x.png in Resources */,
				C0A9EB8916D4012C00DE9FC5 /* menuIconFavoritesSelected.png in Resources */,
				C0A9EB8A16D4012C00DE9FC5 /* menuIconFavoritesSelected@2x.png in Resources */,
				C0A9EB8F16D403B400DE9FC5 /* menuIconNews.png in Resources */,
				C0A9EB9016D403B400DE9FC5 /* menuIconNews@2x.png in Resources */,
				C0A9EB9116D403B400DE9FC5 /* menuIconNewsSelected.png in Resources */,
				C0A9EB9216D403B400DE9FC5 /* menuIconNewsSelected@2x.png in Resources */,
				C0A9EB9716D406AA00DE9FC5 /* menuIconSettings.png in Resources */,
				C0A9EB9816D406AA00DE9FC5 /* menuIconSettings@2x.png in Resources */,
				C0A9EB9916D406AA00DE9FC5 /* menuIconSettingsSelected.png in Resources */,
				C0A9EB9A16D406AA00DE9FC5 /* menuIconSettingsSelected@2x.png in Resources */,
				C0A9EB9C16D41A5B00DE9FC5 /* navigationBar@2x.png in Resources */,
				C0A9EB9E16D41D0D00DE9FC5 /* menuBackground@2x.png in Resources */,
				434CAFAD16D4E0600000CE60 /* zeroCellBackgroundImg.png in Resources */,
				434CAFAE16D4E0600000CE60 /* zeroCellBackgroundImg@2x.png in Resources */,
				434CAFB116D4F2220000CE60 /* detailsRow.png in Resources */,
				434CAFB216D4F2220000CE60 /* detailsRow@2x.png in Resources */,
				434CAFB516D500630000CE60 /* detailsLastCellBackground.png in Resources */,
				434CAFB616D500630000CE60 /* detailsLastCellBackground@2x.png in Resources */,
				434CAFB916D507630000CE60 /* detailsDiscountCloud.png in Resources */,
				434CAFBA16D507630000CE60 /* detailsDiscountCloud@2x.png in Resources */,
				434CAFBD16D519A90000CE60 /* detailsAdressPin.png in Resources */,
				434CAFBE16D519A90000CE60 /* detailsAdressPin@2x.png in Resources */,
				434CAFC116D51C9E0000CE60 /* detailsPhoneIcon.png in Resources */,
				434CAFC216D51C9E0000CE60 /* detailsPhoneIcon@2x.png in Resources */,
				434CAFC516D51F3B0000CE60 /* detailsSitePin.png in Resources */,
				434CAFC616D51F3B0000CE60 /* detailsSitePin@2x.png in Resources */,
				434CAFC916D520510000CE60 /* detailsClockPin.png in Resources */,
				434CAFCA16D520510000CE60 /* detailsClockPin@2x.png in Resources */,
				434CAFD116D52D860000CE60 /* detailsDistanceBackground.png in Resources */,
				434CAFD216D52D860000CE60 /* detailsDistanceBackground@2x.png in Resources */,
				434CAFD616D53D5A0000CE60 /* detailsFooterButtonsPattern.png in Resources */,
				434CAFD716D53D5A0000CE60 /* detailsFooterButtonsPattern@2x.png in Resources */,
				C0A9EBA616D7A76800DE9FC5 /* favoritesButton.png in Resources */,
				C0A9EBA716D7A76800DE9FC5 /* favoritesButton@2x.png in Resources */,
				C0A9EBAE16D7AC5900DE9FC5 /* favoritesButtonHighlited.png in Resources */,
				C0A9EBAF16D7AC5900DE9FC5 /* favoritesButtonHighlited@2x.png in Resources */,
				C0A9EBB216D7C43A00DE9FC5 /* shareButton.png in Resources */,
				C0A9EBB316D7C43A00DE9FC5 /* shareButton@2x.png in Resources */,
			);
			runOnlyForDeploymentPostprocessing = 0;
		};
/* End PBXResourcesBuildPhase section */

/* Begin PBXSourcesBuildPhase section */
		432CC5CC16A467E000A50F1D /* Sources */ = {
			isa = PBXSourcesBuildPhase;
			buildActionMask = 2147483647;
			files = (
				901488AC16D7BFDC00B25D72 /* CustomPicker.m in Sources */,
				4373562E16CBC0E000B30B81 /* PickerView.m in Sources */,
				4373562D16CBC0DC00B30B81 /* PlaceCell.m in Sources */,
				4373562C16CBC0D700B30B81 /* ListViewController.m in Sources */,
				4325F4DE16CBA7FC002C7B75 /* CustomCalloutView.m in Sources */,
				4325F4DC16CBA784002C7B75 /* CustomAnnotationView.m in Sources */,
				4325F4DB16CBA745002C7B75 /* MapViewController.m in Sources */,
				432CC5E116A467E000A50F1D /* main.m in Sources */,
				432CC5E516A467E000A50F1D /* AppDelegate.m in Sources */,
				432CC5FE16A4697C00A50F1D /* SASlideMenuStaticStoryboardSegue.m in Sources */,
				432CC5FF16A4697C00A50F1D /* SASlideMenuStaticViewController.m in Sources */,
				432CC60216A481FD00A50F1D /* SlideMenu.m in Sources */,
				90487CA816A8531D0090F60E /* Annotation.m in Sources */,
				C09627A716B679A20030988C /* SettingsViewController.m in Sources */,
				C09627AA16B680650030988C /* Model.xcdatamodeld in Sources */,
				C034C33616BE539200F714EE /* City.m in Sources */,
				C034C33916BE689700F714EE /* Category.m in Sources */,
				C034C34216BF01B300F714EE /* Contacts.m in Sources */,
				90FC62DA16C11B1C00A13912 /* myDetailViewController.m in Sources */,
				C0CAE60016C69B92007D010C /* JSONParser.m in Sources */,
				C0A9EB5816D35A0300DE9FC5 /* DetailsViewController.m in Sources */,
				C0A9EBA116D7905C00DE9FC5 /* DiscountObject.m in Sources */,
			);
			runOnlyForDeploymentPostprocessing = 0;
		};
/* End PBXSourcesBuildPhase section */

/* Begin PBXVariantGroup section */
		432CC5DD16A467E000A50F1D /* InfoPlist.strings */ = {
			isa = PBXVariantGroup;
			children = (
				432CC5DE16A467E000A50F1D /* en */,
			);
			name = InfoPlist.strings;
			sourceTree = "<group>";
		};
		432CC5EC16A467E000A50F1D /* MainStoryboard.storyboard */ = {
			isa = PBXVariantGroup;
			children = (
				432CC5ED16A467E000A50F1D /* en */,
			);
			name = MainStoryboard.storyboard;
			path = SoftServeDP;
			sourceTree = "<group>";
		};
/* End PBXVariantGroup section */

/* Begin XCBuildConfiguration section */
		432CC5F216A467E000A50F1D /* Debug */ = {
			isa = XCBuildConfiguration;
			buildSettings = {
				ALWAYS_SEARCH_USER_PATHS = NO;
				CLANG_CXX_LANGUAGE_STANDARD = "gnu++0x";
				CLANG_CXX_LIBRARY = "libc++";
				CLANG_ENABLE_OBJC_ARC = YES;
				CLANG_WARN_EMPTY_BODY = YES;
				CLANG_WARN__DUPLICATE_METHOD_MATCH = YES;
				"CODE_SIGN_IDENTITY[sdk=iphoneos*]" = "iPhone Developer";
				COPY_PHASE_STRIP = NO;
				GCC_C_LANGUAGE_STANDARD = gnu99;
				GCC_DYNAMIC_NO_PIC = NO;
				GCC_OPTIMIZATION_LEVEL = 0;
				GCC_PREPROCESSOR_DEFINITIONS = (
					"DEBUG=1",
					"$(inherited)",
				);
				GCC_SYMBOLS_PRIVATE_EXTERN = NO;
				GCC_WARN_ABOUT_RETURN_TYPE = YES;
				GCC_WARN_UNINITIALIZED_AUTOS = YES;
				GCC_WARN_UNUSED_VARIABLE = YES;
				IPHONEOS_DEPLOYMENT_TARGET = 6.0;
				ONLY_ACTIVE_ARCH = YES;
				SDKROOT = iphoneos;
			};
			name = Debug;
		};
		432CC5F316A467E000A50F1D /* Release */ = {
			isa = XCBuildConfiguration;
			buildSettings = {
				ALWAYS_SEARCH_USER_PATHS = NO;
				CLANG_CXX_LANGUAGE_STANDARD = "gnu++0x";
				CLANG_CXX_LIBRARY = "libc++";
				CLANG_ENABLE_OBJC_ARC = YES;
				CLANG_WARN_EMPTY_BODY = YES;
				CLANG_WARN__DUPLICATE_METHOD_MATCH = YES;
				"CODE_SIGN_IDENTITY[sdk=iphoneos*]" = "iPhone Developer";
				COPY_PHASE_STRIP = YES;
				GCC_C_LANGUAGE_STANDARD = gnu99;
				GCC_WARN_ABOUT_RETURN_TYPE = YES;
				GCC_WARN_UNINITIALIZED_AUTOS = YES;
				GCC_WARN_UNUSED_VARIABLE = YES;
				IPHONEOS_DEPLOYMENT_TARGET = 6.0;
				OTHER_CFLAGS = "-DNS_BLOCK_ASSERTIONS=1";
				SDKROOT = iphoneos;
				VALIDATE_PRODUCT = YES;
			};
			name = Release;
		};
		432CC5F516A467E000A50F1D /* Debug */ = {
			isa = XCBuildConfiguration;
			buildSettings = {
				GCC_PRECOMPILE_PREFIX_HEADER = YES;
				GCC_PREFIX_HEADER = "SoftServeDP/SoftServeDP-Prefix.pch";
				INFOPLIST_FILE = "SoftServeDP/SoftServeDP-Info.plist";
				IPHONEOS_DEPLOYMENT_TARGET = 5.1;
				PRODUCT_NAME = "$(TARGET_NAME)";
				WRAPPER_EXTENSION = app;
			};
			name = Debug;
		};
		432CC5F616A467E000A50F1D /* Release */ = {
			isa = XCBuildConfiguration;
			buildSettings = {
				GCC_PRECOMPILE_PREFIX_HEADER = YES;
				GCC_PREFIX_HEADER = "SoftServeDP/SoftServeDP-Prefix.pch";
				INFOPLIST_FILE = "SoftServeDP/SoftServeDP-Info.plist";
				IPHONEOS_DEPLOYMENT_TARGET = 5.1;
				PRODUCT_NAME = "$(TARGET_NAME)";
				WRAPPER_EXTENSION = app;
			};
			name = Release;
		};
/* End XCBuildConfiguration section */

/* Begin XCConfigurationList section */
		432CC5CA16A467E000A50F1D /* Build configuration list for PBXProject "SoftServeDP" */ = {
			isa = XCConfigurationList;
			buildConfigurations = (
				432CC5F216A467E000A50F1D /* Debug */,
				432CC5F316A467E000A50F1D /* Release */,
			);
			defaultConfigurationIsVisible = 0;
			defaultConfigurationName = Release;
		};
		432CC5F416A467E000A50F1D /* Build configuration list for PBXNativeTarget "SoftServeDP" */ = {
			isa = XCConfigurationList;
			buildConfigurations = (
				432CC5F516A467E000A50F1D /* Debug */,
				432CC5F616A467E000A50F1D /* Release */,
			);
			defaultConfigurationIsVisible = 0;
			defaultConfigurationName = Release;
		};
/* End XCConfigurationList section */

/* Begin XCVersionGroup section */
		C09627A816B680650030988C /* Model.xcdatamodeld */ = {
			isa = XCVersionGroup;
			children = (
				C09627A916B680650030988C /* Model.xcdatamodel */,
			);
			currentVersion = C09627A916B680650030988C /* Model.xcdatamodel */;
			name = Model.xcdatamodeld;
			path = SoftServeDP/Model.xcdatamodeld;
			sourceTree = "<group>";
			versionGroupType = wrapper.xcdatamodel;
		};
/* End XCVersionGroup section */
	};
	rootObject = 432CC5C716A467E000A50F1D /* Project object */;
}
